
Microsoft Visual Studio Solution File, Format Version 12.00
# Visual Studio 15
VisualStudioVersion = 15.0.27703.2035
MinimumVisualStudioVersion = 10.0.40219.1
Project("{FAE04EC0-301F-11D3-BF4B-00C04F79EFBC}") = "WebApp1", "WebApp1\WebApp1.csproj", "{65C569AF-3689-4EB1-8E16-93570AA139D5}"
EndProject
Project("{FAE04EC0-301F-11D3-BF4B-00C04F79EFBC}") = "WebApp1.Tests", "WebApp1.Tests\WebApp1.Tests.csproj", "{C5948531-F7BD-4670-9CA7-D4D1F9041490}"
EndProject
Project("{E53339B2-1760-4266-BCC7-CA923CBCF16C}") = "docker-compose", "docker-compose.dcproj", "{FE6571FE-1DB1-4F27-962D-F841C0C25F74}"
EndProject
Global
	GlobalSection(SolutionConfigurationPlatforms) = preSolution
		Debug|Any CPU = Debug|Any CPU
		Release|Any CPU = Release|Any CPU
	EndGlobalSection
	GlobalSection(ProjectConfigurationPlatforms) = postSolution
		{65C569AF-3689-4EB1-8E16-93570AA139D5}.Debug|Any CPU.ActiveCfg = Debug|Any CPU
		{65C569AF-3689-4EB1-8E16-93570AA139D5}.Debug|Any CPU.Build.0 = Debug|Any CPU
		{65C569AF-3689-4EB1-8E16-93570AA139D5}.Release|Any CPU.ActiveCfg = Release|Any CPU
		{65C569AF-3689-4EB1-8E16-93570AA139D5}.Release|Any CPU.Build.0 = Release|Any CPU
		{C5948531-F7BD-4670-9CA7-D4D1F9041490}.Debug|Any CPU.ActiveCfg = Debug|Any CPU
		{C5948531-F7BD-4670-9CA7-D4D1F9041490}.Debug|Any CPU.Build.0 = Debug|Any CPU
		{C5948531-F7BD-4670-9CA7-D4D1F9041490}.Release|Any CPU.ActiveCfg = Release|Any CPU
		{C5948531-F7BD-4670-9CA7-D4D1F9041490}.Release|Any CPU.Build.0 = Release|Any CPU
		{FE6571FE-1DB1-4F27-962D-F841C0C25F74}.Debug|Any CPU.ActiveCfg = Debug|Any CPU
		{FE6571FE-1DB1-4F27-962D-F841C0C25F74}.Debug|Any CPU.Build.0 = Debug|Any CPU
		{FE6571FE-1DB1-4F27-962D-F841C0C25F74}.Release|Any CPU.ActiveCfg = Release|Any CPU
		{FE6571FE-1DB1-4F27-962D-F841C0C25F74}.Release|Any CPU.Build.0 = Release|Any CPU
	EndGlobalSection
	GlobalSection(SolutionProperties) = preSolution
		HideSolutionNode = FALSE
	EndGlobalSection
	GlobalSection(ExtensibilityGlobals) = postSolution
		SolutionGuid = {34AF921D-ED52-4DD2-8007-A7B6E619E481}
	EndGlobalSection
EndGlobal
